
Microsoft Visual Studio Solution File, Format Version 12.00
# Visual Studio Version 17
VisualStudioVersion = 17.10.35027.167
MinimumVisualStudioVersion = 10.0.40219.1
Project("{9A19103F-16F7-4668-BE54-9A1E7A4F7556}") = "FundamentalFrequency.Net", "FundamentalFrequency.Net\FundamentalFrequency.Net.csproj", "{F687C7BB-0697-4121-B264-141184FF186E}"
EndProject
Project("{9A19103F-16F7-4668-BE54-9A1E7A4F7556}") = "FundamentalFrequency.Net.Tests", "FundamentalFrequency.Net.Tests\FundamentalFrequency.Net.Tests.csproj", "{B131AB0F-3BAA-4FAA-80FF-16AFF69708CD}"
EndProject
Project("{9A19103F-16F7-4668-BE54-9A1E7A4F7556}") = "FundamentalFrequency.Net.Benchmark", "FundamentalFrequency.Net.Benchmark\FundamentalFrequency.Net.Benchmark.csproj", "{947F3346-BB3D-4E33-AD1A-767CDCC5F6B4}"
EndProject
Global
	GlobalSection(SolutionConfigurationPlatforms) = preSolution
		Debug|Any CPU = Debug|Any CPU
		Release|Any CPU = Release|Any CPU
	EndGlobalSection
	GlobalSection(ProjectConfigurationPlatforms) = postSolution
		{F687C7BB-0697-4121-B264-141184FF186E}.Debug|Any CPU.ActiveCfg = Debug|Any CPU
		{F687C7BB-0697-4121-B264-141184FF186E}.Debug|Any CPU.Build.0 = Debug|Any CPU
		{F687C7BB-0697-4121-B264-141184FF186E}.Release|Any CPU.ActiveCfg = Release|Any CPU
		{F687C7BB-0697-4121-B264-141184FF186E}.Release|Any CPU.Build.0 = Release|Any CPU
		{B131AB0F-3BAA-4FAA-80FF-16AFF69708CD}.Debug|Any CPU.ActiveCfg = Debug|Any CPU
		{B131AB0F-3BAA-4FAA-80FF-16AFF69708CD}.Debug|Any CPU.Build.0 = Debug|Any CPU
		{B131AB0F-3BAA-4FAA-80FF-16AFF69708CD}.Release|Any CPU.ActiveCfg = Release|Any CPU
		{B131AB0F-3BAA-4FAA-80FF-16AFF69708CD}.Release|Any CPU.Build.0 = Release|Any CPU
		{947F3346-BB3D-4E33-AD1A-767CDCC5F6B4}.Debug|Any CPU.ActiveCfg = Debug|Any CPU
		{947F3346-BB3D-4E33-AD1A-767CDCC5F6B4}.Debug|Any CPU.Build.0 = Debug|Any CPU
		{947F3346-BB3D-4E33-AD1A-767CDCC5F6B4}.Release|Any CPU.ActiveCfg = Release|Any CPU
		{947F3346-BB3D-4E33-AD1A-767CDCC5F6B4}.Release|Any CPU.Build.0 = Release|Any CPU
	EndGlobalSection
	GlobalSection(SolutionProperties) = preSolution
		HideSolutionNode = FALSE
	EndGlobalSection
	GlobalSection(ExtensibilityGlobals) = postSolution
		SolutionGuid = {BB62374C-7269-4207-B985-A870498B6243}
	EndGlobalSection
EndGlobal
